
Microsoft Visual Studio Solution File, Format Version 12.00
# Visual Studio Version 17
VisualStudioVersion = 17.5.002.0
MinimumVisualStudioVersion = 10.0.40219.1
<<<<<<< HEAD
Project("{9A19103F-16F7-4668-BE54-9A1E7A4F7556}") = "Handmade_Dotnet", "Handmade_Dotnet.csproj", "{B83BAFC6-E01C-46EB-88BA-3CA0166FBD32}"
=======
Project("{9A19103F-16F7-4668-BE54-9A1E7A4F7556}") = "Handmade_Dotnet", "Handmade_Dotnet.csproj", "{7D801D65-A5A8-4187-A779-3829A307156A}"
>>>>>>> main
EndProject
Global
	GlobalSection(SolutionConfigurationPlatforms) = preSolution
		Debug|Any CPU = Debug|Any CPU
		Release|Any CPU = Release|Any CPU
	EndGlobalSection
	GlobalSection(ProjectConfigurationPlatforms) = postSolution
		{B83BAFC6-E01C-46EB-88BA-3CA0166FBD32}.Debug|Any CPU.ActiveCfg = Debug|Any CPU
		{B83BAFC6-E01C-46EB-88BA-3CA0166FBD32}.Debug|Any CPU.Build.0 = Debug|Any CPU
		{B83BAFC6-E01C-46EB-88BA-3CA0166FBD32}.Release|Any CPU.ActiveCfg = Release|Any CPU
		{B83BAFC6-E01C-46EB-88BA-3CA0166FBD32}.Release|Any CPU.Build.0 = Release|Any CPU
	EndGlobalSection
	GlobalSection(SolutionProperties) = preSolution
		HideSolutionNode = FALSE
	EndGlobalSection
	GlobalSection(ExtensibilityGlobals) = postSolution
		SolutionGuid = {4056AB95-8F59-4F4D-84E6-C14623F7D37D}
	EndGlobalSection
EndGlobal
